<?xml version="1.0" encoding="utf-8"?>
<Project ToolsVersion="4.0" xmlns="http://schemas.microsoft.com/developer/msbuild/2003">
  <ItemGroup>
    <ClCompile Include="stdafx.cpp" />
    <ClCompile Include="Private\ProtobufDescriptor.cpp">
      <Filter>Private</Filter>
    </ClCompile>
    <ClCompile Include="Private\ProtobufProtocol.cpp">
      <Filter>Private</Filter>
    </ClCompile>
    <ClCompile Include="Private\ProtobufSerializer.cpp">
      <Filter>Private</Filter>
    </ClCompile>
    <ClCompile Include="Private\ProtobufSession.cpp">
      <Filter>Private</Filter>
    </ClCompile>
    <ClCompile Include="Private\types.pb.cc">
      <Filter>Private</Filter>
    </ClCompile>
    <ClCompile Include="Private\user.pb.cc">
      <Filter>Private</Filter>
    </ClCompile>
  </ItemGroup>
  <ItemGroup>
    <ClInclude Include="stdafx.h" />
    <ClInclude Include="Public\ProtobufSession.h">
      <Filter>Public</Filter>
    </ClInclude>
    <ClInclude Include="Public\ProtobufSerializer.h">
      <Filter>Public</Filter>
    </ClInclude>
    <ClInclude Include="Public\ProtobufProtocol.h">
      <Filter>Public</Filter>
    </ClInclude>
    <ClInclude Include="Public\ProtobufDescriptor.h">
      <Filter>Public</Filter>
    </ClInclude>
    <ClInclude Include="Private\user.pb.h">
      <Filter>Private</Filter>
    </ClInclude>
    <ClInclude Include="Private\types.pb.h">
      <Filter>Private</Filter>
    </ClInclude>
    <ClInclude Include="Public\Types.h">
      <Filter>Public</Filter>
    </ClInclude>
    <ClInclude Include="Public\User.h">
      <Filter>Public</Filter>
    </ClInclude>
  </ItemGroup>
  <ItemGroup>
    <Filter Include="Public">
      <UniqueIdentifier>{463ac9da-94b4-4721-81a1-d59132a1d375}</UniqueIdentifier>
    </Filter>
    <Filter Include="Private">
      <UniqueIdentifier>{26b5eac8-5ca0-43a2-b7ff-8fd126f7f7b6}</UniqueIdentifier>
    </Filter>
  </ItemGroup>
</Project>