<?xml version="1.0" encoding="utf-8"?>
<Project ToolsVersion="17.0" xmlns="http://schemas.microsoft.com/developer/msbuild/2003">
  <ItemGroup>
    <Filter Include="Private">
      <UniqueIdentifier>{2b99b326-1530-462b-ba52-168bb42f869e}</UniqueIdentifier>
    </Filter>
    <Filter Include="Public">
      <UniqueIdentifier>{e813b4de-bbd5-4547-bcaa-2cb50b909125}</UniqueIdentifier>
    </Filter>
    <Filter Include="Private\Protos">
      <UniqueIdentifier>{828ccc04-2e8d-4575-8b64-86f0589203ab}</UniqueIdentifier>
    </Filter>
    <Filter Include="Private\Protos\Grpc">
      <UniqueIdentifier>{3d8830aa-af8f-4cdc-a584-a741942c7026}</UniqueIdentifier>
    </Filter>
  </ItemGroup>
  <ItemGroup>
    <ClInclude Include="Public\HelloWorld.h">
      <Filter>Public</Filter>
    </ClInclude>
    <ClInclude Include="Public\ProtobufDescriptor.h">
      <Filter>Public</Filter>
    </ClInclude>
    <ClInclude Include="Public\ProtobufProtocol.h">
      <Filter>Public</Filter>
    </ClInclude>
    <ClInclude Include="Public\ProtobufSerializer.h">
      <Filter>Public</Filter>
    </ClInclude>
    <ClInclude Include="Public\ProtobufSession.h">
      <Filter>Public</Filter>
    </ClInclude>
    <ClInclude Include="Public\Types.h">
      <Filter>Public</Filter>
    </ClInclude>
    <ClInclude Include="Public\User.h">
      <Filter>Public</Filter>
    </ClInclude>
    <ClInclude Include="Private\Protos\types.pb.h">
      <Filter>Private\Protos</Filter>
    </ClInclude>
    <ClInclude Include="Private\Protos\user.pb.h">
      <Filter>Private\Protos</Filter>
    </ClInclude>
    <ClInclude Include="Private\Protos\Grpc\helloworld.grpc.pb.h">
      <Filter>Private\Protos\Grpc</Filter>
    </ClInclude>
    <ClInclude Include="Private\Protos\Grpc\helloworld.pb.h">
      <Filter>Private\Protos\Grpc</Filter>
    </ClInclude>
    <ClInclude Include="stdafx.h" />
    <ClInclude Include="Public\GrpcHeader.h">
      <Filter>Public</Filter>
    </ClInclude>
  </ItemGroup>
  <ItemGroup>
    <ClCompile Include="Private\HelloWorld.cpp">
      <Filter>Private</Filter>
    </ClCompile>
    <ClCompile Include="Private\ProtobufDescriptor.cpp">
      <Filter>Private</Filter>
    </ClCompile>
    <ClCompile Include="Private\ProtobufProtocol.cpp">
      <Filter>Private</Filter>
    </ClCompile>
    <ClCompile Include="Private\ProtobufSerializer.cpp">
      <Filter>Private</Filter>
    </ClCompile>
    <ClCompile Include="Private\ProtobufSession.cpp">
      <Filter>Private</Filter>
    </ClCompile>
    <ClCompile Include="Private\Types.cpp">
      <Filter>Private</Filter>
    </ClCompile>
    <ClCompile Include="Private\User.cpp">
      <Filter>Private</Filter>
    </ClCompile>
    <ClCompile Include="Private\Protos\types.pb.cc">
      <Filter>Private\Protos</Filter>
    </ClCompile>
    <ClCompile Include="Private\Protos\user.pb.cc">
      <Filter>Private\Protos</Filter>
    </ClCompile>
    <ClCompile Include="Private\Protos\Grpc\helloworld.grpc.pb.cc">
      <Filter>Private\Protos\Grpc</Filter>
    </ClCompile>
    <ClCompile Include="Private\Protos\Grpc\helloworld.pb.cc">
      <Filter>Private\Protos\Grpc</Filter>
    </ClCompile>
    <ClCompile Include="stdafx.cpp" />
    <ClCompile Include="Private\GrpcHeader.cpp">
      <Filter>Private</Filter>
    </ClCompile>
  </ItemGroup>
</Project>