<?xml version="1.0" encoding="utf-8"?>
<Project ToolsVersion="17.0" xmlns="http://schemas.microsoft.com/developer/msbuild/2003">
  <ItemGroup>
    <Filter Include="Container">
      <UniqueIdentifier>{1f422514-9f76-4c85-b7e4-ec3fc26e13b3}</UniqueIdentifier>
    </Filter>
    <Filter Include="Http">
      <UniqueIdentifier>{0ab96e1e-99c4-4097-bd34-cda0de504433}</UniqueIdentifier>
    </Filter>
    <Filter Include="Logging">
      <UniqueIdentifier>{e1710894-e07c-493e-b1c1-863ea42fb946}</UniqueIdentifier>
    </Filter>
    <Filter Include="Misc">
      <UniqueIdentifier>{9439229e-673f-48ea-9ac6-480bdf6345dc}</UniqueIdentifier>
    </Filter>
    <Filter Include="Network">
      <UniqueIdentifier>{375c3db3-3986-4496-a7b1-9aaf323ba1ba}</UniqueIdentifier>
    </Filter>
    <Filter Include="Platform">
      <UniqueIdentifier>{ee7d5c22-83ea-452b-b8d0-3ad0789b09f7}</UniqueIdentifier>
    </Filter>
    <Filter Include="System">
      <UniqueIdentifier>{66baeb75-d346-4ef3-bfb4-c84ccd4c2882}</UniqueIdentifier>
    </Filter>
    <Filter Include="ThirdParty">
      <UniqueIdentifier>{f111d487-1dfa-41b8-ae76-9b2c7667f9c7}</UniqueIdentifier>
    </Filter>
    <Filter Include="Network\Packet">
      <UniqueIdentifier>{af6bdd12-c31d-4428-8d43-11f3ea6f344f}</UniqueIdentifier>
    </Filter>
    <Filter Include="Cryptography">
      <UniqueIdentifier>{7d179437-cc61-48cb-9800-e7153103d7ae}</UniqueIdentifier>
    </Filter>
    <Filter Include="Sql">
      <UniqueIdentifier>{9b170ce7-a1e5-416a-9873-b8c3650cfcdc}</UniqueIdentifier>
    </Filter>
    <Filter Include="Json">
      <UniqueIdentifier>{44ed2df0-1ad6-4f24-9cb9-c793198fe669}</UniqueIdentifier>
    </Filter>
    <Filter Include="ThirdParty\MagicEnum">
      <UniqueIdentifier>{23316c9d-d378-49f0-b11d-78d527226a41}</UniqueIdentifier>
    </Filter>
    <Filter Include="Math">
      <UniqueIdentifier>{90566651-9d75-494a-85f5-807b6c1c54bd}</UniqueIdentifier>
    </Filter>
    <Filter Include="Math\Collision">
      <UniqueIdentifier>{07dc438c-ff20-40d9-9fee-4e2b9f7cc6dd}</UniqueIdentifier>
    </Filter>
  </ItemGroup>
  <ItemGroup>
    <ClCompile Include="Container\MPSC.cpp">
      <Filter>Container</Filter>
    </ClCompile>
    <ClCompile Include="Container\SPSC.cpp">
      <Filter>Container</Filter>
    </ClCompile>
    <ClCompile Include="Http\HttpEnums.cpp">
      <Filter>Http</Filter>
    </ClCompile>
    <ClCompile Include="Http\HttpRequest.cpp">
      <Filter>Http</Filter>
    </ClCompile>
    <ClCompile Include="Http\HttpResponse.cpp">
      <Filter>Http</Filter>
    </ClCompile>
    <ClCompile Include="Logging\Logger.cpp">
      <Filter>Logging</Filter>
    </ClCompile>
    <ClCompile Include="Misc\ApplyVariants.cpp">
      <Filter>Misc</Filter>
    </ClCompile>
    <ClCompile Include="Network\Acceptor.cpp">
      <Filter>Network</Filter>
    </ClCompile>
    <ClCompile Include="Network\Buffer.cpp">
      <Filter>Network</Filter>
    </ClCompile>
    <ClCompile Include="Network\BufferMemory.cpp">
      <Filter>Network</Filter>
    </ClCompile>
    <ClCompile Include="Network\BufferPool.cpp">
      <Filter>Network</Filter>
    </ClCompile>
    <ClCompile Include="Network\Connection.cpp">
      <Filter>Network</Filter>
    </ClCompile>
    <ClCompile Include="Network\Listener.cpp">
      <Filter>Network</Filter>
    </ClCompile>
    <ClCompile Include="Network\NetworkStream.cpp">
      <Filter>Network</Filter>
    </ClCompile>
    <ClCompile Include="Network\OutputStream.cpp">
      <Filter>Network</Filter>
    </ClCompile>
    <ClCompile Include="Network\Protocol.cpp">
      <Filter>Network</Filter>
    </ClCompile>
    <ClCompile Include="Network\ProtocolController.cpp">
      <Filter>Network</Filter>
    </ClCompile>
    <ClCompile Include="Network\Resolver.cpp">
      <Filter>Network</Filter>
    </ClCompile>
    <ClCompile Include="Network\Session.cpp">
      <Filter>Network</Filter>
    </ClCompile>
    <ClCompile Include="Network\SessionFactory.cpp">
      <Filter>Network</Filter>
    </ClCompile>
    <ClCompile Include="Network\Socket.cpp">
      <Filter>Network</Filter>
    </ClCompile>
    <ClCompile Include="Network\Packet\Internal.cpp">
      <Filter>Network\Packet</Filter>
    </ClCompile>
    <ClCompile Include="Network\Packet\Packet.cpp">
      <Filter>Network\Packet</Filter>
    </ClCompile>
    <ClCompile Include="Network\Packet\PacketHandlerMap.cpp">
      <Filter>Network\Packet</Filter>
    </ClCompile>
    <ClCompile Include="System\Actor.cpp">
      <Filter>System</Filter>
    </ClCompile>
    <ClCompile Include="System\Callable.cpp">
      <Filter>System</Filter>
    </ClCompile>
    <ClCompile Include="System\Channel.cpp">
      <Filter>System</Filter>
    </ClCompile>
    <ClCompile Include="System\Context.cpp">
      <Filter>System</Filter>
    </ClCompile>
    <ClCompile Include="System\DateTime.cpp">
      <Filter>System</Filter>
    </ClCompile>
    <ClCompile Include="System\Diagnostics.cpp">
      <Filter>System</Filter>
    </ClCompile>
    <ClCompile Include="System\Exceptions.cpp">
      <Filter>System</Filter>
    </ClCompile>
    <ClCompile Include="System\FuncTraits.cpp">
      <Filter>System</Filter>
    </ClCompile>
    <ClCompile Include="System\Future.cpp">
      <Filter>System</Filter>
    </ClCompile>
    <ClCompile Include="System\Path.cpp">
      <Filter>System</Filter>
    </ClCompile>
    <ClCompile Include="System\Program.cpp">
      <Filter>System</Filter>
    </ClCompile>
    <ClCompile Include="System\Scheduler.cpp">
      <Filter>System</Filter>
    </ClCompile>
    <ClCompile Include="System\Singleton.cpp">
      <Filter>System</Filter>
    </ClCompile>
    <ClCompile Include="System\SingletonActor.cpp">
      <Filter>System</Filter>
    </ClCompile>
    <ClCompile Include="System\String.cpp">
      <Filter>System</Filter>
    </ClCompile>
    <ClCompile Include="System\ThreadLocalStorage.cpp">
      <Filter>System</Filter>
    </ClCompile>
    <ClCompile Include="System\Tick.cpp">
      <Filter>System</Filter>
    </ClCompile>
    <ClCompile Include="stdafx.cpp" />
    <ClCompile Include="Sql\Agent.cpp">
      <Filter>Sql</Filter>
    </ClCompile>
    <ClCompile Include="Sql\Column.cpp">
      <Filter>Sql</Filter>
    </ClCompile>
    <ClCompile Include="Sql\Conn.cpp">
      <Filter>Sql</Filter>
    </ClCompile>
    <ClCompile Include="Sql\Database.cpp">
      <Filter>Sql</Filter>
    </ClCompile>
    <ClCompile Include="Sql\Param.cpp">
      <Filter>Sql</Filter>
    </ClCompile>
    <ClCompile Include="Sql\Pool.cpp">
      <Filter>Sql</Filter>
    </ClCompile>
    <ClCompile Include="Sql\SqlTypes.cpp">
      <Filter>Sql</Filter>
    </ClCompile>
    <ClCompile Include="Sql\Stmt.cpp">
      <Filter>Sql</Filter>
    </ClCompile>
    <ClCompile Include="Sql\StmtImpl.cpp">
      <Filter>Sql</Filter>
    </ClCompile>
    <ClCompile Include="ThirdParty\Sql.cpp">
      <Filter>ThirdParty</Filter>
    </ClCompile>
    <ClCompile Include="Container\SList.cpp">
      <Filter>Container</Filter>
    </ClCompile>
    <ClCompile Include="System\Time.cpp">
      <Filter>System</Filter>
    </ClCompile>
    <ClCompile Include="System\LexicalCast.cpp">
      <Filter>System</Filter>
    </ClCompile>
    <ClCompile Include="System\Elapse.cpp">
      <Filter>System</Filter>
    </ClCompile>
    <ClCompile Include="Json\Json.cpp">
      <Filter>Json</Filter>
    </ClCompile>
    <ClCompile Include="System\Thenable.cpp">
      <Filter>System</Filter>
    </ClCompile>
    <ClCompile Include="Network\IPAddress.cpp">
      <Filter>Network</Filter>
    </ClCompile>
    <ClCompile Include="System\Enum.cpp">
      <Filter>System</Filter>
    </ClCompile>
    <ClCompile Include="System\TimerContext.cpp">
      <Filter>System</Filter>
    </ClCompile>
    <ClCompile Include="System\ExecutionContext.cpp">
      <Filter>System</Filter>
    </ClCompile>
    <ClCompile Include="System\PeriodicTimer.cpp">
      <Filter>System</Filter>
    </ClCompile>
    <ClCompile Include="Math\LinAlgebra.cpp">
      <Filter>Math</Filter>
    </ClCompile>
    <ClCompile Include="System\DependencyInjection.cpp">
      <Filter>System</Filter>
    </ClCompile>
    <ClCompile Include="System\ServiceInterface.cpp">
      <Filter>System</Filter>
    </ClCompile>
    <ClCompile Include="Misc\Crc32Hash.cpp">
      <Filter>Misc</Filter>
    </ClCompile>
    <ClCompile Include="Container\LruCache.cpp">
      <Filter>Container</Filter>
    </ClCompile>
    <ClCompile Include="System\TypeInfo.cpp">
      <Filter>System</Filter>
    </ClCompile>
    <ClCompile Include="Math\Collision\CapsuleCollider.cpp">
      <Filter>Math\Collision</Filter>
    </ClCompile>
    <ClCompile Include="Math\Collision\Collider.cpp">
      <Filter>Math\Collision</Filter>
    </ClCompile>
    <ClCompile Include="Misc\Utils.cpp">
      <Filter>Misc</Filter>
    </ClCompile>
    <ClCompile Include="Math\Collision\Helper.cpp">
      <Filter>Math\Collision</Filter>
    </ClCompile>
  </ItemGroup>
  <ItemGroup>
    <ClInclude Include="Container\MPSC.h">
      <Filter>Container</Filter>
    </ClInclude>
    <ClInclude Include="Container\SPSC.h">
      <Filter>Container</Filter>
    </ClInclude>
    <ClInclude Include="Http\HttpEnums.h">
      <Filter>Http</Filter>
    </ClInclude>
    <ClInclude Include="Http\HttpRequest.h">
      <Filter>Http</Filter>
    </ClInclude>
    <ClInclude Include="Http\HttpResponse.h">
      <Filter>Http</Filter>
    </ClInclude>
    <ClInclude Include="Logging\Logger.h">
      <Filter>Logging</Filter>
    </ClInclude>
    <ClInclude Include="Misc\ApplyVariants.h">
      <Filter>Misc</Filter>
    </ClInclude>
    <ClInclude Include="Network\Acceptor.h">
      <Filter>Network</Filter>
    </ClInclude>
    <ClInclude Include="Network\Buffer.h">
      <Filter>Network</Filter>
    </ClInclude>
    <ClInclude Include="Network\BufferMemory.h">
      <Filter>Network</Filter>
    </ClInclude>
    <ClInclude Include="Network\BufferPool.h">
      <Filter>Network</Filter>
    </ClInclude>
    <ClInclude Include="Network\Connection.h">
      <Filter>Network</Filter>
    </ClInclude>
    <ClInclude Include="Network\Interface.h">
      <Filter>Network</Filter>
    </ClInclude>
    <ClInclude Include="Network\Listener.h">
      <Filter>Network</Filter>
    </ClInclude>
    <ClInclude Include="Network\NetworkStream.h">
      <Filter>Network</Filter>
    </ClInclude>
    <ClInclude Include="Network\OutputStream.h">
      <Filter>Network</Filter>
    </ClInclude>
    <ClInclude Include="Network\Protocol.h">
      <Filter>Network</Filter>
    </ClInclude>
    <ClInclude Include="Network\ProtocolController.h">
      <Filter>Network</Filter>
    </ClInclude>
    <ClInclude Include="Network\Resolver.h">
      <Filter>Network</Filter>
    </ClInclude>
    <ClInclude Include="Network\Session.h">
      <Filter>Network</Filter>
    </ClInclude>
    <ClInclude Include="Network\SessionFactory.h">
      <Filter>Network</Filter>
    </ClInclude>
    <ClInclude Include="Network\Socket.h">
      <Filter>Network</Filter>
    </ClInclude>
    <ClInclude Include="Network\Packet\Internal.h">
      <Filter>Network\Packet</Filter>
    </ClInclude>
    <ClInclude Include="Network\Packet\Packet.h">
      <Filter>Network\Packet</Filter>
    </ClInclude>
    <ClInclude Include="Network\Packet\PacketHandlerMap.h">
      <Filter>Network\Packet</Filter>
    </ClInclude>
    <ClInclude Include="ThirdParty\BoostAsio.h">
      <Filter>ThirdParty</Filter>
    </ClInclude>
    <ClInclude Include="ThirdParty\Curl.h">
      <Filter>ThirdParty</Filter>
    </ClInclude>
    <ClInclude Include="ThirdParty\Protobuf.h">
      <Filter>ThirdParty</Filter>
    </ClInclude>
    <ClInclude Include="ThirdParty\WarningMacros.h">
      <Filter>ThirdParty</Filter>
    </ClInclude>
    <ClInclude Include="System\Actor.h">
      <Filter>System</Filter>
    </ClInclude>
    <ClInclude Include="System\Actor.hpp">
      <Filter>System</Filter>
    </ClInclude>
    <ClInclude Include="System\Callable.h">
      <Filter>System</Filter>
    </ClInclude>
    <ClInclude Include="System\Channel.h">
      <Filter>System</Filter>
    </ClInclude>
    <ClInclude Include="System\Context.h">
      <Filter>System</Filter>
    </ClInclude>
    <ClInclude Include="System\DateTime.h">
      <Filter>System</Filter>
    </ClInclude>
    <ClInclude Include="System\Diagnostics.h">
      <Filter>System</Filter>
    </ClInclude>
    <ClInclude Include="System\Exceptions.h">
      <Filter>System</Filter>
    </ClInclude>
    <ClInclude Include="System\FuncTraits.h">
      <Filter>System</Filter>
    </ClInclude>
    <ClInclude Include="System\Future.h">
      <Filter>System</Filter>
    </ClInclude>
    <ClInclude Include="System\Future.hpp">
      <Filter>System</Filter>
    </ClInclude>
    <ClInclude Include="System\Interface.h">
      <Filter>System</Filter>
    </ClInclude>
    <ClInclude Include="System\Macro.h">
      <Filter>System</Filter>
    </ClInclude>
    <ClInclude Include="System\Path.h">
      <Filter>System</Filter>
    </ClInclude>
    <ClInclude Include="System\Program.h">
      <Filter>System</Filter>
    </ClInclude>
    <ClInclude Include="System\Scheduler.h">
      <Filter>System</Filter>
    </ClInclude>
    <ClInclude Include="System\Singleton.h">
      <Filter>System</Filter>
    </ClInclude>
    <ClInclude Include="System\SingletonActor.h">
      <Filter>System</Filter>
    </ClInclude>
    <ClInclude Include="System\String.h">
      <Filter>System</Filter>
    </ClInclude>
    <ClInclude Include="System\ThreadLocalStorage.h">
      <Filter>System</Filter>
    </ClInclude>
    <ClInclude Include="System\Tick.h">
      <Filter>System</Filter>
    </ClInclude>
    <ClInclude Include="Platform\Windows.h">
      <Filter>Platform</Filter>
    </ClInclude>
    <ClInclude Include="CoreMinimal.h" />
    <ClInclude Include="stdafx.h" />
    <ClInclude Include="ThirdParty\Sql.h">
      <Filter>ThirdParty</Filter>
    </ClInclude>
    <ClInclude Include="Sql\Agent.h">
      <Filter>Sql</Filter>
    </ClInclude>
    <ClInclude Include="Sql\Column.h">
      <Filter>Sql</Filter>
    </ClInclude>
    <ClInclude Include="Sql\Conn.h">
      <Filter>Sql</Filter>
    </ClInclude>
    <ClInclude Include="Sql\Database.h">
      <Filter>Sql</Filter>
    </ClInclude>
    <ClInclude Include="Sql\Param.h">
      <Filter>Sql</Filter>
    </ClInclude>
    <ClInclude Include="Sql\Pool.h">
      <Filter>Sql</Filter>
    </ClInclude>
    <ClInclude Include="Sql\SqlTypes.h">
      <Filter>Sql</Filter>
    </ClInclude>
    <ClInclude Include="Sql\Stmt.h">
      <Filter>Sql</Filter>
    </ClInclude>
    <ClInclude Include="Container\SList.h">
      <Filter>Container</Filter>
    </ClInclude>
    <ClInclude Include="System\Time.h">
      <Filter>System</Filter>
    </ClInclude>
    <ClInclude Include="System\LexicalCast.h">
      <Filter>System</Filter>
    </ClInclude>
    <ClInclude Include="System\Elapse.h">
      <Filter>System</Filter>
    </ClInclude>
    <ClInclude Include="Sql\Sql.h">
      <Filter>Sql</Filter>
    </ClInclude>
    <ClInclude Include="ThirdParty\Json.h">
      <Filter>ThirdParty</Filter>
    </ClInclude>
    <ClInclude Include="Json\Json.h">
      <Filter>Json</Filter>
    </ClInclude>
    <ClInclude Include="System\Thenable.h">
      <Filter>System</Filter>
    </ClInclude>
    <ClInclude Include="System\Thenable.hpp">
      <Filter>System</Filter>
    </ClInclude>
    <ClInclude Include="Network\IPAddress.h">
      <Filter>Network</Filter>
    </ClInclude>
    <ClInclude Include="System\Enum.h">
      <Filter>System</Filter>
    </ClInclude>
    <ClInclude Include="ThirdParty\MagicEnum\magic_enum.hpp">
      <Filter>ThirdParty\MagicEnum</Filter>
    </ClInclude>
    <ClInclude Include="ThirdParty\MagicEnum\magic_enum_containers.hpp">
      <Filter>ThirdParty\MagicEnum</Filter>
    </ClInclude>
    <ClInclude Include="ThirdParty\MagicEnum\magic_enum_format.hpp">
      <Filter>ThirdParty\MagicEnum</Filter>
    </ClInclude>
    <ClInclude Include="ThirdParty\MagicEnum\magic_enum_fuse.hpp">
      <Filter>ThirdParty\MagicEnum</Filter>
    </ClInclude>
    <ClInclude Include="ThirdParty\MagicEnum\magic_enum_switch.hpp">
      <Filter>ThirdParty\MagicEnum</Filter>
    </ClInclude>
    <ClInclude Include="System\TimerContext.h">
      <Filter>System</Filter>
    </ClInclude>
    <ClInclude Include="System\ExecutionContext.h">
      <Filter>System</Filter>
    </ClInclude>
    <ClInclude Include="System\PeriodicTimer.h">
      <Filter>System</Filter>
    </ClInclude>
    <ClInclude Include="Math\LinAlgebra.h">
      <Filter>Math</Filter>
    </ClInclude>
    <ClInclude Include="ThirdParty\Eigen.h">
      <Filter>ThirdParty</Filter>
    </ClInclude>
    <ClInclude Include="ThirdParty\OpenSsl.h">
      <Filter>ThirdParty</Filter>
    </ClInclude>
    <ClInclude Include="System\DependencyInjection.h">
      <Filter>System</Filter>
    </ClInclude>
    <ClInclude Include="System\ServiceInterface.h">
      <Filter>System</Filter>
    </ClInclude>
    <ClInclude Include="Misc\Crc32Hash.h">
      <Filter>Misc</Filter>
    </ClInclude>
    <ClInclude Include="Container\LruCache.h">
      <Filter>Container</Filter>
    </ClInclude>
    <ClInclude Include="System\TypeInfo.h">
      <Filter>System</Filter>
    </ClInclude>
    <ClInclude Include="Math\Collision\CapsuleCollider.h">
      <Filter>Math\Collision</Filter>
    </ClInclude>
    <ClInclude Include="Math\Collision\Collider.h">
      <Filter>Math\Collision</Filter>
    </ClInclude>
    <ClInclude Include="Misc\Utils.h">
      <Filter>Misc</Filter>
    </ClInclude>
    <ClInclude Include="Math\Collision\Helper.h">
      <Filter>Math\Collision</Filter>
    </ClInclude>
  </ItemGroup>
</Project>