<?xml version="1.0" encoding="utf-8"?>
<Project ToolsVersion="4.0" xmlns="http://schemas.microsoft.com/developer/msbuild/2003">
  <ItemGroup>
    <Filter Include="Concurrency">
      <UniqueIdentifier>{c57c0169-0e2b-4e68-bf69-9a9ad71bc5c4}</UniqueIdentifier>
    </Filter>
    <Filter Include="Log">
      <UniqueIdentifier>{4547e68c-718d-4bbe-bd01-76c25092bb06}</UniqueIdentifier>
    </Filter>
    <Filter Include="System">
      <UniqueIdentifier>{23e8fbdb-508c-4939-9166-d577dca27f78}</UniqueIdentifier>
    </Filter>
    <Filter Include="ThirdParty">
      <UniqueIdentifier>{7b65d082-b5ae-42af-8e5d-e6000bc32923}</UniqueIdentifier>
    </Filter>
    <Filter Include="Network">
      <UniqueIdentifier>{5876726b-46f6-48dc-a597-490fc293deef}</UniqueIdentifier>
    </Filter>
    <Filter Include="Network\Packet">
      <UniqueIdentifier>{c5dae6d6-951e-493d-b915-cbbfd36ace5a}</UniqueIdentifier>
    </Filter>
  </ItemGroup>
  <ItemGroup>
    <ClCompile Include="Concurrency\MPSC.cpp">
      <Filter>Concurrency</Filter>
    </ClCompile>
    <ClCompile Include="Network\Connection.cpp">
      <Filter>Network</Filter>
    </ClCompile>
    <ClCompile Include="Network\Listener.cpp">
      <Filter>Network</Filter>
    </ClCompile>
    <ClCompile Include="Network\Session.cpp">
      <Filter>Network</Filter>
    </ClCompile>
    <ClCompile Include="Network\SessionFactory.cpp">
      <Filter>Network</Filter>
    </ClCompile>
    <ClCompile Include="Log\Logger.cpp">
      <Filter>Log</Filter>
    </ClCompile>
    <ClCompile Include="System\DateTime.cpp">
      <Filter>System</Filter>
    </ClCompile>
    <ClCompile Include="System\Diagnostics.cpp">
      <Filter>System</Filter>
    </ClCompile>
    <ClCompile Include="System\Path.cpp">
      <Filter>System</Filter>
    </ClCompile>
    <ClCompile Include="System\Program.cpp">
      <Filter>System</Filter>
    </ClCompile>
    <ClCompile Include="System\Scheduler.cpp">
      <Filter>System</Filter>
    </ClCompile>
    <ClCompile Include="System\Singleton.cpp">
      <Filter>System</Filter>
    </ClCompile>
    <ClCompile Include="System\String.cpp">
      <Filter>System</Filter>
    </ClCompile>
    <ClCompile Include="stdafx.cpp" />
    <ClCompile Include="System\Channel.cpp">
      <Filter>System</Filter>
    </ClCompile>
    <ClCompile Include="Network\Socket.cpp">
      <Filter>Network</Filter>
    </ClCompile>
    <ClCompile Include="System\Actor.cpp">
      <Filter>System</Filter>
    </ClCompile>
    <ClCompile Include="Network\Resolver.cpp">
      <Filter>Network</Filter>
    </ClCompile>
    <ClCompile Include="System\Context.cpp">
      <Filter>System</Filter>
    </ClCompile>
    <ClCompile Include="System\FuncTraits.cpp">
      <Filter>System</Filter>
    </ClCompile>
    <ClCompile Include="Network\Acceptor.cpp">
      <Filter>Network</Filter>
    </ClCompile>
    <ClCompile Include="System\Callable.cpp">
      <Filter>System</Filter>
    </ClCompile>
    <ClCompile Include="Network\Protocol.cpp">
      <Filter>Network</Filter>
    </ClCompile>
    <ClCompile Include="Network\Packet\Packet.cpp">
      <Filter>Network\Packet</Filter>
    </ClCompile>
    <ClCompile Include="Network\Packet\PacketHandlerMap.cpp">
      <Filter>Network\Packet</Filter>
    </ClCompile>
    <ClCompile Include="Network\Packet\Internal.cpp">
      <Filter>Network\Packet</Filter>
    </ClCompile>
  </ItemGroup>
  <ItemGroup>
    <ClInclude Include="Concurrency\MPSC.h">
      <Filter>Concurrency</Filter>
    </ClInclude>
    <ClInclude Include="Network\Connection.h">
      <Filter>Network</Filter>
    </ClInclude>
    <ClInclude Include="Network\Listener.h">
      <Filter>Network</Filter>
    </ClInclude>
    <ClInclude Include="Network\Session.h">
      <Filter>Network</Filter>
    </ClInclude>
    <ClInclude Include="Network\SessionFactory.h">
      <Filter>Network</Filter>
    </ClInclude>
    <ClInclude Include="Log\Logger.h">
      <Filter>Log</Filter>
    </ClInclude>
    <ClInclude Include="System\DateTime.h">
      <Filter>System</Filter>
    </ClInclude>
    <ClInclude Include="System\Diagnostics.h">
      <Filter>System</Filter>
    </ClInclude>
    <ClInclude Include="System\Path.h">
      <Filter>System</Filter>
    </ClInclude>
    <ClInclude Include="System\Program.h">
      <Filter>System</Filter>
    </ClInclude>
    <ClInclude Include="System\Scheduler.h">
      <Filter>System</Filter>
    </ClInclude>
    <ClInclude Include="System\Singleton.h">
      <Filter>System</Filter>
    </ClInclude>
    <ClInclude Include="System\String.h">
      <Filter>System</Filter>
    </ClInclude>
    <ClInclude Include="CoreMinimal.h" />
    <ClInclude Include="stdafx.h" />
    <ClInclude Include="ThirdParty\BoostAsio.h">
      <Filter>ThirdParty</Filter>
    </ClInclude>
    <ClInclude Include="System\Channel.h">
      <Filter>System</Filter>
    </ClInclude>
    <ClInclude Include="Network\Socket.h">
      <Filter>Network</Filter>
    </ClInclude>
    <ClInclude Include="System\Actor.h">
      <Filter>System</Filter>
    </ClInclude>
    <ClInclude Include="Network\Resolver.h">
      <Filter>Network</Filter>
    </ClInclude>
    <ClInclude Include="System\Context.h">
      <Filter>System</Filter>
    </ClInclude>
    <ClInclude Include="System\Macro.h">
      <Filter>System</Filter>
    </ClInclude>
    <ClInclude Include="System\FuncTraits.h">
      <Filter>System</Filter>
    </ClInclude>
    <ClInclude Include="Network\Acceptor.h">
      <Filter>Network</Filter>
    </ClInclude>
    <ClInclude Include="System\Callable.h">
      <Filter>System</Filter>
    </ClInclude>
    <ClInclude Include="Network\Protocol.h">
      <Filter>Network</Filter>
    </ClInclude>
    <ClInclude Include="Network\Packet\PacketHandlerMap.h">
      <Filter>Network\Packet</Filter>
    </ClInclude>
    <ClInclude Include="Network\Packet\Packet.h">
      <Filter>Network\Packet</Filter>
    </ClInclude>
    <ClInclude Include="Network\Packet\Internal.h">
      <Filter>Network\Packet</Filter>
    </ClInclude>
  </ItemGroup>
</Project>