
Microsoft Visual Studio Solution File, Format Version 12.00
# Visual Studio Version 17
Project("{8BC9CEB8-8B4A-11D0-8D11-00A0C91BC942}") = "ALL_BUILD", "ALL_BUILD.vcxproj", "{78667B19-350C-319C-BFBA-3EF7B840DFE7}"
	ProjectSection(ProjectDependencies) = postProject
		{5D2050AD-616A-3B51-874E-8F29DFBC19B3} = {5D2050AD-616A-3B51-874E-8F29DFBC19B3}
		{577A5124-726D-3AFB-BA55-DC0EF563D4B6} = {577A5124-726D-3AFB-BA55-DC0EF563D4B6}
	EndProjectSection
EndProject
Project("{8BC9CEB8-8B4A-11D0-8D11-00A0C91BC942}") = "Core", "Core.vcxproj", "{5D2050AD-616A-3B51-874E-8F29DFBC19B3}"
	ProjectSection(ProjectDependencies) = postProject
		{577A5124-726D-3AFB-BA55-DC0EF563D4B6} = {577A5124-726D-3AFB-BA55-DC0EF563D4B6}
	EndProjectSection
EndProject
Project("{8BC9CEB8-8B4A-11D0-8D11-00A0C91BC942}") = "ZERO_CHECK", "ZERO_CHECK.vcxproj", "{577A5124-726D-3AFB-BA55-DC0EF563D4B6}"
	ProjectSection(ProjectDependencies) = postProject
	EndProjectSection
EndProject
Global
	GlobalSection(SolutionConfigurationPlatforms) = preSolution
		Debug|x64 = Debug|x64
		Release|x64 = Release|x64
		MinSizeRel|x64 = MinSizeRel|x64
		RelWithDebInfo|x64 = RelWithDebInfo|x64
	EndGlobalSection
	GlobalSection(ProjectConfigurationPlatforms) = postSolution
		{78667B19-350C-319C-BFBA-3EF7B840DFE7}.Debug|x64.ActiveCfg = Debug|x64
		{78667B19-350C-319C-BFBA-3EF7B840DFE7}.Release|x64.ActiveCfg = Release|x64
		{78667B19-350C-319C-BFBA-3EF7B840DFE7}.MinSizeRel|x64.ActiveCfg = MinSizeRel|x64
		{78667B19-350C-319C-BFBA-3EF7B840DFE7}.RelWithDebInfo|x64.ActiveCfg = RelWithDebInfo|x64
		{5D2050AD-616A-3B51-874E-8F29DFBC19B3}.Debug|x64.ActiveCfg = Debug|x64
		{5D2050AD-616A-3B51-874E-8F29DFBC19B3}.Debug|x64.Build.0 = Debug|x64
		{5D2050AD-616A-3B51-874E-8F29DFBC19B3}.Release|x64.ActiveCfg = Release|x64
		{5D2050AD-616A-3B51-874E-8F29DFBC19B3}.Release|x64.Build.0 = Release|x64
		{5D2050AD-616A-3B51-874E-8F29DFBC19B3}.MinSizeRel|x64.ActiveCfg = MinSizeRel|x64
		{5D2050AD-616A-3B51-874E-8F29DFBC19B3}.MinSizeRel|x64.Build.0 = MinSizeRel|x64
		{5D2050AD-616A-3B51-874E-8F29DFBC19B3}.RelWithDebInfo|x64.ActiveCfg = RelWithDebInfo|x64
		{5D2050AD-616A-3B51-874E-8F29DFBC19B3}.RelWithDebInfo|x64.Build.0 = RelWithDebInfo|x64
		{577A5124-726D-3AFB-BA55-DC0EF563D4B6}.Debug|x64.ActiveCfg = Debug|x64
		{577A5124-726D-3AFB-BA55-DC0EF563D4B6}.Debug|x64.Build.0 = Debug|x64
		{577A5124-726D-3AFB-BA55-DC0EF563D4B6}.Release|x64.ActiveCfg = Release|x64
		{577A5124-726D-3AFB-BA55-DC0EF563D4B6}.Release|x64.Build.0 = Release|x64
		{577A5124-726D-3AFB-BA55-DC0EF563D4B6}.MinSizeRel|x64.ActiveCfg = MinSizeRel|x64
		{577A5124-726D-3AFB-BA55-DC0EF563D4B6}.MinSizeRel|x64.Build.0 = MinSizeRel|x64
		{577A5124-726D-3AFB-BA55-DC0EF563D4B6}.RelWithDebInfo|x64.ActiveCfg = RelWithDebInfo|x64
		{577A5124-726D-3AFB-BA55-DC0EF563D4B6}.RelWithDebInfo|x64.Build.0 = RelWithDebInfo|x64
	EndGlobalSection
	GlobalSection(ExtensibilityGlobals) = postSolution
		SolutionGuid = {E3652F50-2D8C-3BAA-BB7E-B021615F666F}
	EndGlobalSection
	GlobalSection(ExtensibilityAddIns) = postSolution
	EndGlobalSection
EndGlobal
