<?xml version="1.0" encoding="utf-8"?>
<Project ToolsVersion="4.0" xmlns="http://schemas.microsoft.com/developer/msbuild/2003">
  <ItemGroup>
    <ClCompile Include="main.cpp" />
    <ClCompile Include="stdafx.cpp" />
    <ClCompile Include="Session\ServerSession.cpp">
      <Filter>Session</Filter>
    </ClCompile>
    <ClCompile Include="Session\ClientSession.cpp">
      <Filter>Session</Filter>
    </ClCompile>
    <ClCompile Include="PacketHandler\ClientPacketHandler.cpp">
      <Filter>PacketHandler</Filter>
    </ClCompile>
    <ClCompile Include="PacketHandler\ServerPacketHandler.cpp">
      <Filter>PacketHandler</Filter>
    </ClCompile>
    <ClCompile Include="Protocol\ClientProtocol.cpp">
      <Filter>Protocol</Filter>
    </ClCompile>
    <ClCompile Include="Protocol\ClientHandlerMap.cpp">
      <Filter>Protocol</Filter>
    </ClCompile>
    <ClCompile Include="Protocol\ServerProtocol.cpp">
      <Filter>Protocol</Filter>
    </ClCompile>
    <ClCompile Include="Protocol\ServerHandlerMap.cpp">
      <Filter>Protocol</Filter>
    </ClCompile>
    <ClCompile Include="Authenticator\Authenticator.cpp">
      <Filter>Authorization</Filter>
    </ClCompile>
  </ItemGroup>
  <ItemGroup>
    <ClInclude Include="stdafx.h" />
    <ClInclude Include="Session\ServerSession.h">
      <Filter>Session</Filter>
    </ClInclude>
    <ClInclude Include="Session\ClientSession.h">
      <Filter>Session</Filter>
    </ClInclude>
    <ClInclude Include="PacketHandler\ClientPacketHandler.h">
      <Filter>PacketHandler</Filter>
    </ClInclude>
    <ClInclude Include="PacketHandler\ServerPacketHandler.h">
      <Filter>PacketHandler</Filter>
    </ClInclude>
    <ClInclude Include="Protocol\ClientProtocol.h">
      <Filter>Protocol</Filter>
    </ClInclude>
    <ClInclude Include="Protocol\ClientHandlerMap.h">
      <Filter>Protocol</Filter>
    </ClInclude>
    <ClInclude Include="Protocol\ServerProtocol.h">
      <Filter>Protocol</Filter>
    </ClInclude>
    <ClInclude Include="Protocol\ServerHandlerMap.h">
      <Filter>Protocol</Filter>
    </ClInclude>
    <ClInclude Include="Authenticator.h">
      <Filter>Authorization</Filter>
    </ClInclude>
  </ItemGroup>
  <ItemGroup>
    <Filter Include="Session">
      <UniqueIdentifier>{1d287964-289e-47df-9105-97b68131d85b}</UniqueIdentifier>
    </Filter>
    <Filter Include="PacketHandler">
      <UniqueIdentifier>{ed5e0f3b-97e3-47cd-8be0-d1fd33bc2f62}</UniqueIdentifier>
    </Filter>
    <Filter Include="Protocol">
      <UniqueIdentifier>{a4c6b4a1-943f-4584-809c-621760e06394}</UniqueIdentifier>
    </Filter>
    <Filter Include="Authorization">
      <UniqueIdentifier>{e746e16a-4f19-4add-8399-167c6409e31a}</UniqueIdentifier>
    </Filter>
  </ItemGroup>
</Project>