<?xml version="1.0" encoding="utf-8"?>
<Project ToolsVersion="17.0" xmlns="http://schemas.microsoft.com/developer/msbuild/2003">
  <ItemGroup>
    <ClCompile Include="C:\Users\hyojiny1\Desktop\CppProject\RTS\Source\Server\main.cpp">
      <Filter>Source Files</Filter>
    </ClCompile>
  </ItemGroup>
  <ItemGroup>
    <CustomBuild Include="C:\Users\hyojiny1\Desktop\CppProject\RTS\Source\Server\CMakeLists.txt" />
  </ItemGroup>
  <ItemGroup>
    <Filter Include="Source Files">
      <UniqueIdentifier>{DFAA7540-48BB-3E70-AA08-504C096DDE20}</UniqueIdentifier>
    </Filter>
  </ItemGroup>
</Project>
