<?xml version="1.0" encoding="utf-8"?>
<Project ToolsVersion="17.0" xmlns="http://schemas.microsoft.com/developer/msbuild/2003">
  <ItemGroup>
    <Filter Include="Session">
      <UniqueIdentifier>{a558c9b0-57af-439c-b9c6-8fa44ab20ece}</UniqueIdentifier>
    </Filter>
    <Filter Include="Authenticator">
      <UniqueIdentifier>{250668dd-2318-4377-a28b-7da8f3565a55}</UniqueIdentifier>
    </Filter>
    <Filter Include="Section">
      <UniqueIdentifier>{d83d22f0-bf5d-42a3-b298-f133d6d20e37}</UniqueIdentifier>
    </Filter>
    <Filter Include="Model">
      <UniqueIdentifier>{aea1a945-b71e-4193-a036-1a637491a8b8}</UniqueIdentifier>
    </Filter>
    <Filter Include="RPC">
      <UniqueIdentifier>{e81b0837-9f70-47a6-9042-7d637dbd2e30}</UniqueIdentifier>
    </Filter>
    <Filter Include="SQL">
      <UniqueIdentifier>{a4774cc9-c1ce-4be5-84ac-e64f750a0ad3}</UniqueIdentifier>
    </Filter>
    <Filter Include="Database">
      <UniqueIdentifier>{c0012683-1b54-47cf-a8d3-fc5ccb6889a2}</UniqueIdentifier>
    </Filter>
    <Filter Include="Service">
      <UniqueIdentifier>{09598e3f-b557-475a-bddb-bf49e0c02063}</UniqueIdentifier>
    </Filter>
    <Filter Include="World">
      <UniqueIdentifier>{9fcdd07c-b1d8-4083-a872-3e57cce5fa2d}</UniqueIdentifier>
    </Filter>
    <Filter Include="DataTable">
      <UniqueIdentifier>{39ac5e34-4dbe-4f16-b943-5865e937c0a2}</UniqueIdentifier>
    </Filter>
    <Filter Include="GameObject">
      <UniqueIdentifier>{df94f7e8-3fc5-417f-a1bf-3068310f85a4}</UniqueIdentifier>
    </Filter>
    <Filter Include="Utilites">
      <UniqueIdentifier>{a8f3ebe1-c613-4989-8b75-4bb5bc7dcbca}</UniqueIdentifier>
    </Filter>
    <Filter Include="GameFramwork">
      <UniqueIdentifier>{94bffba4-1a2e-4661-87f9-7af061cbc91b}</UniqueIdentifier>
    </Filter>
  </ItemGroup>
  <ItemGroup>
    <ClCompile Include="Authenticator\Authenticator.cpp">
      <Filter>Authenticator</Filter>
    </ClCompile>
    <ClCompile Include="Session\ClientSession.cpp">
      <Filter>Session</Filter>
    </ClCompile>
    <ClCompile Include="Session\LobbySession.cpp">
      <Filter>Session</Filter>
    </ClCompile>
    <ClCompile Include="stdafx.cpp" />
    <ClCompile Include="main.cpp" />
    <ClCompile Include="InterServer\LobbyGrpcService.cpp">
      <Filter>RPC</Filter>
    </ClCompile>
    <ClCompile Include="InterServer\GrpcService.cpp">
      <Filter>RPC</Filter>
    </ClCompile>
    <ClCompile Include="Model\Account.cpp">
      <Filter>Model</Filter>
    </ClCompile>
    <ClCompile Include="Model\Character.cpp">
      <Filter>Model</Filter>
    </ClCompile>
    <ClCompile Include="Database\DB.cpp">
      <Filter>Database</Filter>
    </ClCompile>
    <ClCompile Include="Service\ClientServiceDef.cpp">
      <Filter>Service</Filter>
    </ClCompile>
    <ClCompile Include="Service\Protocol.cpp">
      <Filter>Service</Filter>
    </ClCompile>
    <ClCompile Include="Service\LobbyServiceDef.cpp">
      <Filter>Service</Filter>
    </ClCompile>
    <ClCompile Include="Service\HandlerMap.cpp">
      <Filter>Service</Filter>
    </ClCompile>
    <ClCompile Include="Service\WorldServiceDef.cpp">
      <Filter>Service</Filter>
    </ClCompile>
    <ClCompile Include="Session\WorldSession.cpp">
      <Filter>Session</Filter>
    </ClCompile>
    <ClCompile Include="Service\ServiceBuilder.cpp">
      <Filter>Service</Filter>
    </ClCompile>
    <ClCompile Include="Service\Service.cpp">
      <Filter>Service</Filter>
    </ClCompile>
    <ClCompile Include="Section\Section.cpp">
      <Filter>Section</Filter>
    </ClCompile>
    <ClCompile Include="Section\SectionRepository.cpp">
      <Filter>Section</Filter>
    </ClCompile>
    <ClCompile Include="Model\UniqueId.cpp">
      <Filter>Model</Filter>
    </ClCompile>
    <ClCompile Include="Model\Server.cpp">
      <Filter>Model</Filter>
    </ClCompile>
    <ClCompile Include="Service\WorldService.cpp">
      <Filter>Service</Filter>
    </ClCompile>
    <ClCompile Include="Service\LobbyService.cpp">
      <Filter>Service</Filter>
    </ClCompile>
    <ClCompile Include="World\PlayerTick.cpp">
      <Filter>World</Filter>
    </ClCompile>
    <ClCompile Include="World\NeighborsLookup.cpp">
      <Filter>World</Filter>
    </ClCompile>
    <ClCompile Include="Model\Player.cpp">
      <Filter>Model</Filter>
    </ClCompile>
    <ClCompile Include="World\PlayerRepository.cpp">
      <Filter>World</Filter>
    </ClCompile>
    <ClCompile Include="InterServer\LobbyGrpcClient.cpp">
      <Filter>RPC</Filter>
    </ClCompile>
    <ClCompile Include="Model\Combat.cpp">
      <Filter>Model</Filter>
    </ClCompile>
    <ClCompile Include="DataTable\SpawnerDataRecord.cpp">
      <Filter>DataTable</Filter>
    </ClCompile>
    <ClCompile Include="DataTable\DataTable.cpp">
      <Filter>DataTable</Filter>
    </ClCompile>
    <ClCompile Include="DataTable\FileReader.cpp">
      <Filter>DataTable</Filter>
    </ClCompile>
    <ClCompile Include="Section\SpawnSystem.cpp">
      <Filter>Section</Filter>
    </ClCompile>
    <ClCompile Include="Section\SectionComponent.cpp">
      <Filter>Section</Filter>
    </ClCompile>
    <ClCompile Include="GameObject\GameObject.cpp">
      <Filter>GameObject</Filter>
    </ClCompile>
    <ClCompile Include="Utilites\Protobuf.cpp">
      <Filter>Utilites</Filter>
    </ClCompile>
    <ClCompile Include="Model\ClientAction.cpp">
      <Filter>Model</Filter>
    </ClCompile>
    <ClCompile Include="GameObject\Projectile.cpp">
      <Filter>GameObject</Filter>
    </ClCompile>
    <ClCompile Include="GameObject\Npc.cpp">
      <Filter>GameObject</Filter>
    </ClCompile>
    <ClCompile Include="GameFramework\CollisionComponent.cpp">
      <Filter>GameFramwork</Filter>
    </ClCompile>
    <ClCompile Include="GameFramework\GameObjectComponent.cpp">
      <Filter>GameFramwork</Filter>
    </ClCompile>
    <ClCompile Include="GameObject\Pc.cpp">
      <Filter>GameObject</Filter>
    </ClCompile>
    <ClCompile Include="Section\CollisionSystem.cpp">
      <Filter>Section</Filter>
    </ClCompile>
  </ItemGroup>
  <ItemGroup>
    <ClInclude Include="Authenticator\Authenticator.h">
      <Filter>Authenticator</Filter>
    </ClInclude>
    <ClInclude Include="Session\ClientSession.h">
      <Filter>Session</Filter>
    </ClInclude>
    <ClInclude Include="Session\LobbySession.h">
      <Filter>Session</Filter>
    </ClInclude>
    <ClInclude Include="stdafx.h" />
    <ClInclude Include="InterServer\LobbyGrpcService.h">
      <Filter>RPC</Filter>
    </ClInclude>
    <ClInclude Include="InterServer\GrpcService.h">
      <Filter>RPC</Filter>
    </ClInclude>
    <ClInclude Include="Model\Account.h">
      <Filter>Model</Filter>
    </ClInclude>
    <ClInclude Include="Model\Character.h">
      <Filter>Model</Filter>
    </ClInclude>
    <ClInclude Include="Database\DB.h">
      <Filter>Database</Filter>
    </ClInclude>
    <ClInclude Include="Service\ClientServiceDef.h">
      <Filter>Service</Filter>
    </ClInclude>
    <ClInclude Include="Service\Protocol.h">
      <Filter>Service</Filter>
    </ClInclude>
    <ClInclude Include="Service\LobbyServiceDef.h">
      <Filter>Service</Filter>
    </ClInclude>
    <ClInclude Include="Service\HandlerMap.h">
      <Filter>Service</Filter>
    </ClInclude>
    <ClInclude Include="Service\WorldServiceDef.h">
      <Filter>Service</Filter>
    </ClInclude>
    <ClInclude Include="Session\WorldSession.h">
      <Filter>Session</Filter>
    </ClInclude>
    <ClInclude Include="Service\ServiceBuilder.h">
      <Filter>Service</Filter>
    </ClInclude>
    <ClInclude Include="Service\Service.h">
      <Filter>Service</Filter>
    </ClInclude>
    <ClInclude Include="Section\Section.h">
      <Filter>Section</Filter>
    </ClInclude>
    <ClInclude Include="Section\SectionRepository.h">
      <Filter>Section</Filter>
    </ClInclude>
    <ClInclude Include="Model\UniqueId.h">
      <Filter>Model</Filter>
    </ClInclude>
    <ClInclude Include="Model\Server.h">
      <Filter>Model</Filter>
    </ClInclude>
    <ClInclude Include="Service\WorldService.h">
      <Filter>Service</Filter>
    </ClInclude>
    <ClInclude Include="Service\LobbyService.h">
      <Filter>Service</Filter>
    </ClInclude>
    <ClInclude Include="World\PlayerTick.h">
      <Filter>World</Filter>
    </ClInclude>
    <ClInclude Include="World\NeighborsLookup.h">
      <Filter>World</Filter>
    </ClInclude>
    <ClInclude Include="Model\Player.h">
      <Filter>Model</Filter>
    </ClInclude>
    <ClInclude Include="World\PlayerRepository.h">
      <Filter>World</Filter>
    </ClInclude>
    <ClInclude Include="InterServer\LobbyGrpcClient.h">
      <Filter>RPC</Filter>
    </ClInclude>
    <ClInclude Include="Model\Combat.h">
      <Filter>Model</Filter>
    </ClInclude>
    <ClInclude Include="DataTable\SpawnerDataRecord.h">
      <Filter>DataTable</Filter>
    </ClInclude>
    <ClInclude Include="DataTable\DataTable.h">
      <Filter>DataTable</Filter>
    </ClInclude>
    <ClInclude Include="DataTable\FileReader.h">
      <Filter>DataTable</Filter>
    </ClInclude>
    <ClInclude Include="Section\SpawnSystem.h">
      <Filter>Section</Filter>
    </ClInclude>
    <ClInclude Include="Section\SectionComponent.h">
      <Filter>Section</Filter>
    </ClInclude>
    <ClInclude Include="GameObject\GameObject.h">
      <Filter>GameObject</Filter>
    </ClInclude>
    <ClInclude Include="Utilites\Protobuf.h">
      <Filter>Utilites</Filter>
    </ClInclude>
    <ClInclude Include="Model\ClientAction.h">
      <Filter>Model</Filter>
    </ClInclude>
    <ClInclude Include="GameObject\Projectile.h">
      <Filter>GameObject</Filter>
    </ClInclude>
    <ClInclude Include="GameObject\Npc.h">
      <Filter>GameObject</Filter>
    </ClInclude>
    <ClInclude Include="GameFramework\CollisionComponent.h">
      <Filter>GameFramwork</Filter>
    </ClInclude>
    <ClInclude Include="GameFramework\GameObjectComponent.h">
      <Filter>GameFramwork</Filter>
    </ClInclude>
    <ClInclude Include="GameObject\Pc.h">
      <Filter>GameObject</Filter>
    </ClInclude>
    <ClInclude Include="Section\CollisionSystem.h">
      <Filter>Section</Filter>
    </ClInclude>
  </ItemGroup>
  <ItemGroup>
    <None Include="..\..\SQL\docker-compose.yml">
      <Filter>SQL</Filter>
    </None>
    <None Include="..\..\SQL\init.sql">
      <Filter>SQL</Filter>
    </None>
    <None Include="..\..\SQL\Dockerfile">
      <Filter>SQL</Filter>
    </None>
  </ItemGroup>
</Project>